{
  "name": "dadaist",
  "version": "1.0.0",
  "lockfileVersion": 3,
  "requires": true,
  "packages": {
    "": {
      "name": "dadaist",
      "version": "1.0.0",
      "license": "MIT",
      "dependencies": {
        "commander": "^15.0.0",
        "stopword": "^3.1.5"
      },
      "bin": {
        "dadaist": "bin/dadaist.js"
      },
      "engines": {
        "node": ">=18"
      }
    },
    "node_modules/commander": {
      "version": "15.0.0",
      "resolved": "https://registry.npmjs.org/commander/-/commander-15.0.0.tgz",
      "integrity": "sha512-z67u4ZhzCL/Tydu1lJARtEZYWbWaN7oYLHbsuzocr6y4N6WZAagG3RQ4FW61V1/0+jImpj293XfrcYnd1qxtPg==",
      "license": "MIT",
      "engines": {
        "node": ">=22.12.0"
      }
    },
    "node_modules/stopword": {
      "version": "3.1.5",
      "resolved": "https://registry.npmjs.org/stopword/-/stopword-3.1.5.tgz",
      "integrity": "sha512-OgLYGVFCNa430WOrj9tYZhQge5yg6vd6JsKredveAqEhdLVQkfrpnQIGjx0L9lLqzL4Kq4J8yNTcfQR/MpBwhg==",
      "license": "MIT"
    }
  }
}
